{
    "_meta": {
        "hash": {
            "sha256": "1edf9531120518086a86e50934b793cf61baaff916e6ec192dd49333e067058a"
        },
        "pipfile-spec": 6,
        "requires": {},
        "sources": [
            {
                "name": "pypi",
                "url": "https://pypi.python.org/simple",
                "verify_ssl": true
            }
        ]
    },
    "default": {
        "docopt": {
            "hashes": [
                "sha256:49b3a825280bd66b3aa83585ef59c4a8c82f2c8a522dbe754a8bc8d08c85c491"
            ],
            "version": "==0.6.2"
        },
        "invoke": {
            "hashes": [
                "sha256:4f4de934b15c2276caa4fbc5a3b8a61c0eb0b234f2be1780d2b793321995c2d6",
                "sha256:dc492f8f17a0746e92081aec3f86ae0b4750bf41607ea2ad87e5a7b5705121b7",
                "sha256:eb6f9262d4d25b40330fb21d1e99bf0f85011ccc3526980f8a3eaedd4b43892e"
            ],
            "index": "pypi",
            "version": "==1.2.0"
        },
        "jinja2": {
            "hashes": [
                "sha256:74c935a1b8bb9a3947c50a54766a969d4846290e1e788ea44c1392163723c3bd",
                "sha256:f84be1bb0040caca4cea721fcbbbbd61f9be9464ca236387158b0feea01914a4"
            ],
            "index": "pypi",
            "version": "==2.10"
        },
        "markupsafe": {
            "hashes": [
                "sha256:a6be69091dac236ea9c6bc7d012beab42010fa914c459791d627dad4910eb665"
            ],
            "version": "==1.0"
        },
        "mutagen": {
            "hashes": [
                "sha256:2ea9c900a05fa7f5f4c5bd9fc1475d7d576532e13b2f79b694452b997ff67200"
            ],
            "index": "pypi",
            "version": "==1.41.1"
        },
        "webvtt-py": {
            "hashes": [
                "sha256:90ebe1c7be9a782cfb3895b3d3808b9ec732fcd1a5f3b0a19e87e3231a8197b2"
            ],
            "index": "pypi",
            "version": "==0.4.2"
        },
        "youtube-dl": {
            "hashes": [
                "sha256:14ad7e55f325a9352a565913506dbf19f13ec64cec3689f8881a9a44e183ea09",
                "sha256:726399202f1798cfd51571e99e319332050addf69d7ee98b53bb5ad66b6f916f"
            ],
            "index": "pypi",
            "version": "==2018.11.3"
        }
    },
    "develop": {}
}
