{
    "_meta": {
        "hash": {
            "sha256": "a1313119a8a8513fab4dda9467b465142e5f977844782b99f2b8a0ce1f7a4fca"
        },
        "host-environment-markers": {
            "implementation_name": "cpython",
            "implementation_version": "3.6.1",
            "os_name": "posix",
            "platform_machine": "x86_64",
            "platform_python_implementation": "CPython",
            "platform_release": "17.3.0",
            "platform_system": "Darwin",
            "platform_version": "Darwin Kernel Version 17.3.0: Thu Nov  9 18:09:22 PST 2017; root:xnu-4570.31.3~1/RELEASE_X86_64",
            "python_full_version": "3.6.1",
            "python_version": "3.6",
            "sys_platform": "darwin"
        },
        "pipfile-spec": 6,
        "requires": {},
        "sources": [
            {
                "name": "pypi",
                "url": "https://pypi.python.org/simple",
                "verify_ssl": true
            }
        ]
    },
    "default": {
        "invoke": {
            "hashes": [
                "sha256:a90acf9fd9d863dba4545b369c4ca547de4ca76228ca52c78cf224e7eecce0e9",
                "sha256:66434bf48dcffea232e8ada3a7e252cc10928871c46f39ece123c6a5753c0d0c",
                "sha256:6c572a09849e1452ff65c674d4531a940366278194af86315e458f8457192274"
            ],
            "version": "==0.22.0"
        },
        "mutagen": {
            "hashes": [
                "sha256:9da92566458ffe5618ffd26167abaa8fd81f02a7397b8734ec14dfe14e8a19e4"
            ],
            "version": "==1.39"
        },
        "youtube-dl": {
            "hashes": [
                "sha256:0378735ed90581e52884c4f9fcfd258f226f998f8ea1aca843c82fcb11549d9b",
                "sha256:9c77afa1136de1f6b771b1d18d72d46954d340e2cdca125792fb25de72a6aad3"
            ],
            "version": "==2017.12.31"
        }
    },
    "develop": {}
}
